
Microsoft Visual Studio Solution File, Format Version 12.00
# Visual Studio Version 16
VisualStudioVersion = 16.0.29306.81
MinimumVisualStudioVersion = 10.0.40219.1
Project("{FAE04EC0-301F-11D3-BF4B-00C04F79EFBC}") = "PopulationDatabase", "PopulationDatabase.csproj", "{5C11F8D7-B3E4-42BF-8CAF-540B16C401FB}"
EndProject
Global
	GlobalSection(SolutionConfigurationPlatforms) = preSolution
		Debug|Any CPU = Debug|Any CPU
		Release|Any CPU = Release|Any CPU
	EndGlobalSection
	GlobalSection(ProjectConfigurationPlatforms) = postSolution
		{5C11F8D7-B3E4-42BF-8CAF-540B16C401FB}.Debug|Any CPU.ActiveCfg = Debug|Any CPU
		{5C11F8D7-B3E4-42BF-8CAF-540B16C401FB}.Debug|Any CPU.Build.0 = Debug|Any CPU
		{5C11F8D7-B3E4-42BF-8CAF-540B16C401FB}.Release|Any CPU.ActiveCfg = Release|Any CPU
		{5C11F8D7-B3E4-42BF-8CAF-540B16C401FB}.Release|Any CPU.Build.0 = Release|Any CPU
	EndGlobalSection
	GlobalSection(SolutionProperties) = preSolution
		HideSolutionNode = FALSE
	EndGlobalSection
	GlobalSection(ExtensibilityGlobals) = postSolution
		SolutionGuid = {5F8DAEE5-CD95-45B3-B276-1390F0B35549}
	EndGlobalSection
EndGlobal
